
Microsoft Visual Studio Solution File, Format Version 12.00
# Visual Studio 15
VisualStudioVersion = 15.0.28307.136
MinimumVisualStudioVersion = 10.0.40219.1
Project("{8BC9CEB8-8B4A-11D0-8D11-00A0C91BC942}") = "Acceleratedcpp", "Acceleratedcpp\Acceleratedcpp.vcxproj", "{C0EF8229-E449-4EE2-B5F9-D6B9DD12EA5F}"
EndProject
Project("{8BC9CEB8-8B4A-11D0-8D11-00A0C91BC942}") = "examprog", "examprog\examprog.vcxproj", "{305FEFC8-CA05-4AFC-8C0D-EEFEDB0C5F8F}"
EndProject
Project("{8BC9CEB8-8B4A-11D0-8D11-00A0C91BC942}") = "examModuly", "examModuly\examModuly.vcxproj", "{AB7D9351-55B3-4486-8865-FBD8DA748C73}"
EndProject
Project("{8BC9CEB8-8B4A-11D0-8D11-00A0C91BC942}") = "chapter5", "chapter5\chapter5.vcxproj", "{081433D4-107D-4921-9FF3-5302A4925B2B}"
EndProject
Project("{8BC9CEB8-8B4A-11D0-8D11-00A0C91BC942}") = "SplitTest", "SplitTest\SplitTest.vcxproj", "{BB3ACE7C-9174-457C-AB2C-939CD5B8F843}"
EndProject
Project("{8BC9CEB8-8B4A-11D0-8D11-00A0C91BC942}") = "palindrome", "palindrome\palindrome.vcxproj", "{FA5651B6-DB0D-49D7-A350-C15AD6C9C1C8}"
EndProject
Project("{8BC9CEB8-8B4A-11D0-8D11-00A0C91BC942}") = "findURL", "findURL\findURL.vcxproj", "{5EF339E6-7EC9-41EC-A9EB-488FC33625D7}"
EndProject
Global
	GlobalSection(SolutionConfigurationPlatforms) = preSolution
		Debug|x64 = Debug|x64
		Debug|x86 = Debug|x86
		Release|x64 = Release|x64
		Release|x86 = Release|x86
	EndGlobalSection
	GlobalSection(ProjectConfigurationPlatforms) = postSolution
		{C0EF8229-E449-4EE2-B5F9-D6B9DD12EA5F}.Debug|x64.ActiveCfg = Debug|x64
		{C0EF8229-E449-4EE2-B5F9-D6B9DD12EA5F}.Debug|x64.Build.0 = Debug|x64
		{C0EF8229-E449-4EE2-B5F9-D6B9DD12EA5F}.Debug|x86.ActiveCfg = Debug|Win32
		{C0EF8229-E449-4EE2-B5F9-D6B9DD12EA5F}.Debug|x86.Build.0 = Debug|Win32
		{C0EF8229-E449-4EE2-B5F9-D6B9DD12EA5F}.Release|x64.ActiveCfg = Release|x64
		{C0EF8229-E449-4EE2-B5F9-D6B9DD12EA5F}.Release|x64.Build.0 = Release|x64
		{C0EF8229-E449-4EE2-B5F9-D6B9DD12EA5F}.Release|x86.ActiveCfg = Release|Win32
		{C0EF8229-E449-4EE2-B5F9-D6B9DD12EA5F}.Release|x86.Build.0 = Release|Win32
		{305FEFC8-CA05-4AFC-8C0D-EEFEDB0C5F8F}.Debug|x64.ActiveCfg = Debug|x64
		{305FEFC8-CA05-4AFC-8C0D-EEFEDB0C5F8F}.Debug|x64.Build.0 = Debug|x64
		{305FEFC8-CA05-4AFC-8C0D-EEFEDB0C5F8F}.Debug|x86.ActiveCfg = Debug|Win32
		{305FEFC8-CA05-4AFC-8C0D-EEFEDB0C5F8F}.Debug|x86.Build.0 = Debug|Win32
		{305FEFC8-CA05-4AFC-8C0D-EEFEDB0C5F8F}.Release|x64.ActiveCfg = Release|x64
		{305FEFC8-CA05-4AFC-8C0D-EEFEDB0C5F8F}.Release|x64.Build.0 = Release|x64
		{305FEFC8-CA05-4AFC-8C0D-EEFEDB0C5F8F}.Release|x86.ActiveCfg = Release|Win32
		{305FEFC8-CA05-4AFC-8C0D-EEFEDB0C5F8F}.Release|x86.Build.0 = Release|Win32
		{AB7D9351-55B3-4486-8865-FBD8DA748C73}.Debug|x64.ActiveCfg = Debug|x64
		{AB7D9351-55B3-4486-8865-FBD8DA748C73}.Debug|x64.Build.0 = Debug|x64
		{AB7D9351-55B3-4486-8865-FBD8DA748C73}.Debug|x86.ActiveCfg = Debug|Win32
		{AB7D9351-55B3-4486-8865-FBD8DA748C73}.Debug|x86.Build.0 = Debug|Win32
		{AB7D9351-55B3-4486-8865-FBD8DA748C73}.Release|x64.ActiveCfg = Release|x64
		{AB7D9351-55B3-4486-8865-FBD8DA748C73}.Release|x64.Build.0 = Release|x64
		{AB7D9351-55B3-4486-8865-FBD8DA748C73}.Release|x86.ActiveCfg = Release|Win32
		{AB7D9351-55B3-4486-8865-FBD8DA748C73}.Release|x86.Build.0 = Release|Win32
		{081433D4-107D-4921-9FF3-5302A4925B2B}.Debug|x64.ActiveCfg = Debug|x64
		{081433D4-107D-4921-9FF3-5302A4925B2B}.Debug|x64.Build.0 = Debug|x64
		{081433D4-107D-4921-9FF3-5302A4925B2B}.Debug|x86.ActiveCfg = Debug|Win32
		{081433D4-107D-4921-9FF3-5302A4925B2B}.Debug|x86.Build.0 = Debug|Win32
		{081433D4-107D-4921-9FF3-5302A4925B2B}.Release|x64.ActiveCfg = Release|x64
		{081433D4-107D-4921-9FF3-5302A4925B2B}.Release|x64.Build.0 = Release|x64
		{081433D4-107D-4921-9FF3-5302A4925B2B}.Release|x86.ActiveCfg = Release|Win32
		{081433D4-107D-4921-9FF3-5302A4925B2B}.Release|x86.Build.0 = Release|Win32
		{BB3ACE7C-9174-457C-AB2C-939CD5B8F843}.Debug|x64.ActiveCfg = Debug|x64
		{BB3ACE7C-9174-457C-AB2C-939CD5B8F843}.Debug|x64.Build.0 = Debug|x64
		{BB3ACE7C-9174-457C-AB2C-939CD5B8F843}.Debug|x86.ActiveCfg = Debug|Win32
		{BB3ACE7C-9174-457C-AB2C-939CD5B8F843}.Debug|x86.Build.0 = Debug|Win32
		{BB3ACE7C-9174-457C-AB2C-939CD5B8F843}.Release|x64.ActiveCfg = Release|x64
		{BB3ACE7C-9174-457C-AB2C-939CD5B8F843}.Release|x64.Build.0 = Release|x64
		{BB3ACE7C-9174-457C-AB2C-939CD5B8F843}.Release|x86.ActiveCfg = Release|Win32
		{BB3ACE7C-9174-457C-AB2C-939CD5B8F843}.Release|x86.Build.0 = Release|Win32
		{FA5651B6-DB0D-49D7-A350-C15AD6C9C1C8}.Debug|x64.ActiveCfg = Debug|x64
		{FA5651B6-DB0D-49D7-A350-C15AD6C9C1C8}.Debug|x64.Build.0 = Debug|x64
		{FA5651B6-DB0D-49D7-A350-C15AD6C9C1C8}.Debug|x86.ActiveCfg = Debug|Win32
		{FA5651B6-DB0D-49D7-A350-C15AD6C9C1C8}.Debug|x86.Build.0 = Debug|Win32
		{FA5651B6-DB0D-49D7-A350-C15AD6C9C1C8}.Release|x64.ActiveCfg = Release|x64
		{FA5651B6-DB0D-49D7-A350-C15AD6C9C1C8}.Release|x64.Build.0 = Release|x64
		{FA5651B6-DB0D-49D7-A350-C15AD6C9C1C8}.Release|x86.ActiveCfg = Release|Win32
		{FA5651B6-DB0D-49D7-A350-C15AD6C9C1C8}.Release|x86.Build.0 = Release|Win32
		{5EF339E6-7EC9-41EC-A9EB-488FC33625D7}.Debug|x64.ActiveCfg = Debug|x64
		{5EF339E6-7EC9-41EC-A9EB-488FC33625D7}.Debug|x64.Build.0 = Debug|x64
		{5EF339E6-7EC9-41EC-A9EB-488FC33625D7}.Debug|x86.ActiveCfg = Debug|Win32
		{5EF339E6-7EC9-41EC-A9EB-488FC33625D7}.Debug|x86.Build.0 = Debug|Win32
		{5EF339E6-7EC9-41EC-A9EB-488FC33625D7}.Release|x64.ActiveCfg = Release|x64
		{5EF339E6-7EC9-41EC-A9EB-488FC33625D7}.Release|x64.Build.0 = Release|x64
		{5EF339E6-7EC9-41EC-A9EB-488FC33625D7}.Release|x86.ActiveCfg = Release|Win32
		{5EF339E6-7EC9-41EC-A9EB-488FC33625D7}.Release|x86.Build.0 = Release|Win32
	EndGlobalSection
	GlobalSection(SolutionProperties) = preSolution
		HideSolutionNode = FALSE
	EndGlobalSection
	GlobalSection(ExtensibilityGlobals) = postSolution
		SolutionGuid = {D9F9EEC0-09D7-49B2-90DE-089EC2B78023}
	EndGlobalSection
EndGlobal
